
Microsoft Visual Studio Solution File, Format Version 12.00
# Visual Studio Version 17
VisualStudioVersion = 17.7.34024.191
MinimumVisualStudioVersion = 10.0.40219.1
Project("{FAE04EC0-301F-11D3-BF4B-00C04F79EFBC}") = "Word Count", "Word Count\Word Count.csproj", "{42DCD26C-6070-46C0-89F7-B2076FEDE226}"
EndProject
Global
	GlobalSection(SolutionConfigurationPlatforms) = preSolution
		Debug|Any CPU = Debug|Any CPU
		Release|Any CPU = Release|Any CPU
	EndGlobalSection
	GlobalSection(ProjectConfigurationPlatforms) = postSolution
		{42DCD26C-6070-46C0-89F7-B2076FEDE226}.Debug|Any CPU.ActiveCfg = Debug|Any CPU
		{42DCD26C-6070-46C0-89F7-B2076FEDE226}.Debug|Any CPU.Build.0 = Debug|Any CPU
		{42DCD26C-6070-46C0-89F7-B2076FEDE226}.Release|Any CPU.ActiveCfg = Release|Any CPU
		{42DCD26C-6070-46C0-89F7-B2076FEDE226}.Release|Any CPU.Build.0 = Release|Any CPU
	EndGlobalSection
	GlobalSection(SolutionProperties) = preSolution
		HideSolutionNode = FALSE
	EndGlobalSection
	GlobalSection(ExtensibilityGlobals) = postSolution
		SolutionGuid = {83911E06-0BD9-4C4E-B438-590555CB2F3E}
	EndGlobalSection
EndGlobal
